// !$*UTF8*$!
{
	archiveVersion = 1;
	classes = {
	};
	objectVersion = 46;
	objects = {

/* Begin PBXBuildFile section */
		47784F081CAE46720092AB69 /* AppDelegate.swift in Sources */ = {isa = PBXBuildFile; fileRef = 47784F071CAE46720092AB69 /* AppDelegate.swift */; };
		47784F0A1CAE46720092AB69 /* ViewController.swift in Sources */ = {isa = PBXBuildFile; fileRef = 47784F091CAE46720092AB69 /* ViewController.swift */; };
		47784F0D1CAE46720092AB69 /* Main.storyboard in Resources */ = {isa = PBXBuildFile; fileRef = 47784F0B1CAE46720092AB69 /* Main.storyboard */; };
		47784F0F1CAE46720092AB69 /* Assets.xcassets in Resources */ = {isa = PBXBuildFile; fileRef = 47784F0E1CAE46720092AB69 /* Assets.xcassets */; };
		47784F121CAE46720092AB69 /* LaunchScreen.storyboard in Resources */ = {isa = PBXBuildFile; fileRef = 47784F101CAE46720092AB69 /* LaunchScreen.storyboard */; };
		47A586731CC7BB6300F95E99 /* GlassQueue.swift in Sources */ = {isa = PBXBuildFile; fileRef = 47A586721CC7BB6300F95E99 /* GlassQueue.swift */; };
		E8262D9A1D327CE200ECCD07 /* VodkaWindow.swift in Sources */ = {isa = PBXBuildFile; fileRef = E8262D991D327CE200ECCD07 /* VodkaWindow.swift */; };
		E8262D9D1D32807F00ECCD07 /* VodkaSeledka.swift in Sources */ = {isa = PBXBuildFile; fileRef = E8262D9C1D32807F00ECCD07 /* VodkaSeledka.swift */; };
		E82A6F621CB01AA7004CBBB1 /* Alcohol.swift in Sources */ = {isa = PBXBuildFile; fileRef = E82A6F611CB01AA7004CBBB1 /* Alcohol.swift */; };
		E82A6F671CB01C44004CBBB1 /* AlcoConfiguration.swift in Sources */ = {isa = PBXBuildFile; fileRef = E82A6F661CB01C44004CBBB1 /* AlcoConfiguration.swift */; };
		E82A6F6A1CB01FC6004CBBB1 /* Glass.swift in Sources */ = {isa = PBXBuildFile; fileRef = E82A6F691CB01FC6004CBBB1 /* Glass.swift */; };
		E82A6F6D1CB0265B004CBBB1 /* GlassDataSource.swift in Sources */ = {isa = PBXBuildFile; fileRef = E82A6F6C1CB0265B004CBBB1 /* GlassDataSource.swift */; };
		E82A6F711CB02899004CBBB1 /* AlcoholViewCell.swift in Sources */ = {isa = PBXBuildFile; fileRef = E82A6F701CB02899004CBBB1 /* AlcoholViewCell.swift */; };
		E82A6F731CB028EF004CBBB1 /* AlcoholViewCell.xib in Resources */ = {isa = PBXBuildFile; fileRef = E82A6F721CB028EF004CBBB1 /* AlcoholViewCell.xib */; };
		E8D189481D3380830026868E /* AlertHudView.swift in Sources */ = {isa = PBXBuildFile; fileRef = E8D189471D3380830026868E /* AlertHudView.swift */; };
		E8D1894A1D3380950026868E /* AlertHudView.xib in Resources */ = {isa = PBXBuildFile; fileRef = E8D189491D3380950026868E /* AlertHudView.xib */; };
		E8D1894D1D33BE530026868E /* AlcoRecipe.swift in Sources */ = {isa = PBXBuildFile; fileRef = E8D1894C1D33BE530026868E /* AlcoRecipe.swift */; };
		E8D189551D33C8D10026868E /* Vodka.swift in Sources */ = {isa = PBXBuildFile; fileRef = E8D189541D33C8D10026868E /* Vodka.swift */; };
		E8D189571D33D74F0026868E /* BaseHudView.swift in Sources */ = {isa = PBXBuildFile; fileRef = E8D189561D33D74F0026868E /* BaseHudView.swift */; };
		E8D189591D33DF7B0026868E /* Bottle.swift in Sources */ = {isa = PBXBuildFile; fileRef = E8D189581D33DF7B0026868E /* Bottle.swift */; };
/* End PBXBuildFile section */

/* Begin PBXFileReference section */
		47784F041CAE46720092AB69 /* ALVodkaNotification.app */ = {isa = PBXFileReference; explicitFileType = wrapper.application; includeInIndex = 0; path = ALVodkaNotification.app; sourceTree = BUILT_PRODUCTS_DIR; };
		47784F071CAE46720092AB69 /* AppDelegate.swift */ = {isa = PBXFileReference; lastKnownFileType = sourcecode.swift; path = AppDelegate.swift; sourceTree = "<group>"; };
		47784F091CAE46720092AB69 /* ViewController.swift */ = {isa = PBXFileReference; lastKnownFileType = sourcecode.swift; path = ViewController.swift; sourceTree = "<group>"; };
		47784F0C1CAE46720092AB69 /* Base */ = {isa = PBXFileReference; lastKnownFileType = file.storyboard; name = Base; path = Base.lproj/Main.storyboard; sourceTree = "<group>"; };
		47784F0E1CAE46720092AB69 /* Assets.xcassets */ = {isa = PBXFileReference; lastKnownFileType = folder.assetcatalog; path = Assets.xcassets; sourceTree = "<group>"; };
		47784F111CAE46720092AB69 /* Base */ = {isa = PBXFileReference; lastKnownFileType = file.storyboard; name = Base; path = Base.lproj/LaunchScreen.storyboard; sourceTree = "<group>"; };
		47784F131CAE46720092AB69 /* Info.plist */ = {isa = PBXFileReference; lastKnownFileType = text.plist.xml; path = Info.plist; sourceTree = "<group>"; };
		47A586721CC7BB6300F95E99 /* GlassQueue.swift */ = {isa = PBXFileReference; fileEncoding = 4; lastKnownFileType = sourcecode.swift; path = GlassQueue.swift; sourceTree = "<group>"; };
		E8262D991D327CE200ECCD07 /* VodkaWindow.swift */ = {isa = PBXFileReference; fileEncoding = 4; lastKnownFileType = sourcecode.swift; path = VodkaWindow.swift; sourceTree = "<group>"; };
		E8262D9C1D32807F00ECCD07 /* VodkaSeledka.swift */ = {isa = PBXFileReference; fileEncoding = 4; lastKnownFileType = sourcecode.swift; path = VodkaSeledka.swift; sourceTree = "<group>"; };
		E82A6F611CB01AA7004CBBB1 /* Alcohol.swift */ = {isa = PBXFileReference; fileEncoding = 4; lastKnownFileType = sourcecode.swift; path = Alcohol.swift; sourceTree = "<group>"; };
		E82A6F661CB01C44004CBBB1 /* AlcoConfiguration.swift */ = {isa = PBXFileReference; fileEncoding = 4; lastKnownFileType = sourcecode.swift; path = AlcoConfiguration.swift; sourceTree = "<group>"; };
		E82A6F691CB01FC6004CBBB1 /* Glass.swift */ = {isa = PBXFileReference; fileEncoding = 4; lastKnownFileType = sourcecode.swift; path = Glass.swift; sourceTree = "<group>"; };
		E82A6F6C1CB0265B004CBBB1 /* GlassDataSource.swift */ = {isa = PBXFileReference; fileEncoding = 4; lastKnownFileType = sourcecode.swift; path = GlassDataSource.swift; sourceTree = "<group>"; };
		E82A6F701CB02899004CBBB1 /* AlcoholViewCell.swift */ = {isa = PBXFileReference; fileEncoding = 4; lastKnownFileType = sourcecode.swift; path = AlcoholViewCell.swift; sourceTree = "<group>"; };
		E82A6F721CB028EF004CBBB1 /* AlcoholViewCell.xib */ = {isa = PBXFileReference; fileEncoding = 4; lastKnownFileType = file.xib; path = AlcoholViewCell.xib; sourceTree = "<group>"; };
		E8D189471D3380830026868E /* AlertHudView.swift */ = {isa = PBXFileReference; fileEncoding = 4; lastKnownFileType = sourcecode.swift; path = AlertHudView.swift; sourceTree = "<group>"; };
		E8D189491D3380950026868E /* AlertHudView.xib */ = {isa = PBXFileReference; fileEncoding = 4; lastKnownFileType = file.xib; path = AlertHudView.xib; sourceTree = "<group>"; };
		E8D1894C1D33BE530026868E /* AlcoRecipe.swift */ = {isa = PBXFileReference; fileEncoding = 4; lastKnownFileType = sourcecode.swift; path = AlcoRecipe.swift; sourceTree = "<group>"; };
		E8D189541D33C8D10026868E /* Vodka.swift */ = {isa = PBXFileReference; fileEncoding = 4; lastKnownFileType = sourcecode.swift; path = Vodka.swift; sourceTree = "<group>"; };
		E8D189561D33D74F0026868E /* BaseHudView.swift */ = {isa = PBXFileReference; fileEncoding = 4; lastKnownFileType = sourcecode.swift; path = BaseHudView.swift; sourceTree = "<group>"; };
		E8D189581D33DF7B0026868E /* Bottle.swift */ = {isa = PBXFileReference; fileEncoding = 4; lastKnownFileType = sourcecode.swift; path = Bottle.swift; sourceTree = "<group>"; };
/* End PBXFileReference section */

/* Begin PBXFrameworksBuildPhase section */
		47784F011CAE46720092AB69 /* Frameworks */ = {
			isa = PBXFrameworksBuildPhase;
			buildActionMask = 2147483647;
			files = (
			);
			runOnlyForDeploymentPostprocessing = 0;
		};
/* End PBXFrameworksBuildPhase section */

/* Begin PBXGroup section */
		47784EFB1CAE46720092AB69 = {
			isa = PBXGroup;
			children = (
				E82A6F601CB017AB004CBBB1 /* vodka */,
				47784F061CAE46720092AB69 /* ALVodkaNotification */,
				47784F051CAE46720092AB69 /* Products */,
			);
			sourceTree = "<group>";
		};
		47784F051CAE46720092AB69 /* Products */ = {
			isa = PBXGroup;
			children = (
				47784F041CAE46720092AB69 /* ALVodkaNotification.app */,
			);
			name = Products;
			sourceTree = "<group>";
		};
		47784F061CAE46720092AB69 /* ALVodkaNotification */ = {
			isa = PBXGroup;
			children = (
				47784F071CAE46720092AB69 /* AppDelegate.swift */,
				47784F091CAE46720092AB69 /* ViewController.swift */,
				47784F0B1CAE46720092AB69 /* Main.storyboard */,
				47784F0E1CAE46720092AB69 /* Assets.xcassets */,
				47784F101CAE46720092AB69 /* LaunchScreen.storyboard */,
				47784F131CAE46720092AB69 /* Info.plist */,
			);
			path = ALVodkaNotification;
			sourceTree = "<group>";
		};
		47A586711CC7BB3600F95E99 /* etc */ = {
			isa = PBXGroup;
			children = (
				47A586721CC7BB6300F95E99 /* GlassQueue.swift */,
			);
			path = etc;
			sourceTree = "<group>";
		};
		E8262D9B1D32806000ECCD07 /* VodkaSeledka */ = {
			isa = PBXGroup;
			children = (
				E8D1894E1D33C83A0026868E /* resources */,
				E8D189461D33804A0026868E /* views */,
				E8262D9C1D32807F00ECCD07 /* VodkaSeledka.swift */,
				E8D1894C1D33BE530026868E /* AlcoRecipe.swift */,
				E8D189581D33DF7B0026868E /* Bottle.swift */,
			);
			path = VodkaSeledka;
			sourceTree = "<group>";
		};
		E82A6F601CB017AB004CBBB1 /* vodka */ = {
			isa = PBXGroup;
			children = (
				E8262D9B1D32806000ECCD07 /* VodkaSeledka */,
				E82A6F681CB01FB6004CBBB1 /* Glass */,
				E82A6F611CB01AA7004CBBB1 /* Alcohol.swift */,
				E82A6F661CB01C44004CBBB1 /* AlcoConfiguration.swift */,
			);
			path = vodka;
			sourceTree = "<group>";
		};
		E82A6F681CB01FB6004CBBB1 /* Glass */ = {
			isa = PBXGroup;
			children = (
				47A586711CC7BB3600F95E99 /* etc */,
				E82A6F6B1CB0264D004CBBB1 /* dataSource */,
				E82A6F691CB01FC6004CBBB1 /* Glass.swift */,
				E8262D991D327CE200ECCD07 /* VodkaWindow.swift */,
			);
			path = Glass;
			sourceTree = "<group>";
		};
		E82A6F6B1CB0264D004CBBB1 /* dataSource */ = {
			isa = PBXGroup;
			children = (
				E82A6F6F1CB02860004CBBB1 /* AlcoholCell */,
				E82A6F6C1CB0265B004CBBB1 /* GlassDataSource.swift */,
			);
			path = dataSource;
			sourceTree = "<group>";
		};
		E82A6F6F1CB02860004CBBB1 /* AlcoholCell */ = {
			isa = PBXGroup;
			children = (
				E82A6F701CB02899004CBBB1 /* AlcoholViewCell.swift */,
				E82A6F721CB028EF004CBBB1 /* AlcoholViewCell.xib */,
			);
			path = AlcoholCell;
			sourceTree = "<group>";
		};
		E8D189461D33804A0026868E /* views */ = {
			isa = PBXGroup;
			children = (
				E8D189561D33D74F0026868E /* BaseHudView.swift */,
				E8D189471D3380830026868E /* AlertHudView.swift */,
				E8D189491D3380950026868E /* AlertHudView.xib */,
			);
			path = views;
			sourceTree = "<group>";
		};
		E8D1894E1D33C83A0026868E /* resources */ = {
			isa = PBXGroup;
			children = (
				E8D189541D33C8D10026868E /* Vodka.swift */,
			);
			path = resources;
			sourceTree = "<group>";
		};
/* End PBXGroup section */

/* Begin PBXNativeTarget section */
		47784F031CAE46720092AB69 /* ALVodkaNotification */ = {
			isa = PBXNativeTarget;
			buildConfigurationList = 47784F161CAE46720092AB69 /* Build configuration list for PBXNativeTarget "ALVodkaNotification" */;
			buildPhases = (
				47784F001CAE46720092AB69 /* Sources */,
				47784F011CAE46720092AB69 /* Frameworks */,
				47784F021CAE46720092AB69 /* Resources */,
			);
			buildRules = (
			);
			dependencies = (
			);
			name = ALVodkaNotification;
			productName = ALVodkaNotification;
			productReference = 47784F041CAE46720092AB69 /* ALVodkaNotification.app */;
			productType = "com.apple.product-type.application";
		};
/* End PBXNativeTarget section */

/* Begin PBXProject section */
		47784EFC1CAE46720092AB69 /* Project object */ = {
			isa = PBXProject;
			attributes = {
				LastSwiftUpdateCheck = 0730;
				LastUpgradeCheck = 0730;
				ORGANIZATIONNAME = "Lobanov Aleksey";
				TargetAttributes = {
					47784F031CAE46720092AB69 = {
						CreatedOnToolsVersion = 7.3;
					};
				};
			};
			buildConfigurationList = 47784EFF1CAE46720092AB69 /* Build configuration list for PBXProject "ALVodkaNotification" */;
			compatibilityVersion = "Xcode 3.2";
			developmentRegion = English;
			hasScannedForEncodings = 0;
			knownRegions = (
				en,
				Base,
			);
			mainGroup = 47784EFB1CAE46720092AB69;
			productRefGroup = 47784F051CAE46720092AB69 /* Products */;
			projectDirPath = "";
			projectRoot = "";
			targets = (
				47784F031CAE46720092AB69 /* ALVodkaNotification */,
			);
		};
/* End PBXProject section */

/* Begin PBXResourcesBuildPhase section */
		47784F021CAE46720092AB69 /* Resources */ = {
			isa = PBXResourcesBuildPhase;
			buildActionMask = 2147483647;
			files = (
				E8D1894A1D3380950026868E /* AlertHudView.xib in Resources */,
				47784F121CAE46720092AB69 /* LaunchScreen.storyboard in Resources */,
				E82A6F731CB028EF004CBBB1 /* AlcoholViewCell.xib in Resources */,
				47784F0F1CAE46720092AB69 /* Assets.xcassets in Resources */,
				47784F0D1CAE46720092AB69 /* Main.storyboard in Resources */,
			);
			runOnlyForDeploymentPostprocessing = 0;
		};
/* End PBXResourcesBuildPhase section */

/* Begin PBXSourcesBuildPhase section */
		47784F001CAE46720092AB69 /* Sources */ = {
			isa = PBXSourcesBuildPhase;
			buildActionMask = 2147483647;
			files = (
				E82A6F671CB01C44004CBBB1 /* AlcoConfiguration.swift in Sources */,
				E8D189481D3380830026868E /* AlertHudView.swift in Sources */,
				E82A6F6D1CB0265B004CBBB1 /* GlassDataSource.swift in Sources */,
				E8D189591D33DF7B0026868E /* Bottle.swift in Sources */,
				E8D189551D33C8D10026868E /* Vodka.swift in Sources */,
				47A586731CC7BB6300F95E99 /* GlassQueue.swift in Sources */,
				E8D189571D33D74F0026868E /* BaseHudView.swift in Sources */,
				E82A6F711CB02899004CBBB1 /* AlcoholViewCell.swift in Sources */,
				E82A6F621CB01AA7004CBBB1 /* Alcohol.swift in Sources */,
				E8262D9D1D32807F00ECCD07 /* VodkaSeledka.swift in Sources */,
				E8262D9A1D327CE200ECCD07 /* VodkaWindow.swift in Sources */,
				E82A6F6A1CB01FC6004CBBB1 /* Glass.swift in Sources */,
				47784F0A1CAE46720092AB69 /* ViewController.swift in Sources */,
				E8D1894D1D33BE530026868E /* AlcoRecipe.swift in Sources */,
				47784F081CAE46720092AB69 /* AppDelegate.swift in Sources */,
			);
			runOnlyForDeploymentPostprocessing = 0;
		};
/* End PBXSourcesBuildPhase section */

/* Begin PBXVariantGroup section */
		47784F0B1CAE46720092AB69 /* Main.storyboard */ = {
			isa = PBXVariantGroup;
			children = (
				47784F0C1CAE46720092AB69 /* Base */,
			);
			name = Main.storyboard;
			sourceTree = "<group>";
		};
		47784F101CAE46720092AB69 /* LaunchScreen.storyboard */ = {
			isa = PBXVariantGroup;
			children = (
				47784F111CAE46720092AB69 /* Base */,
			);
			name = LaunchScreen.storyboard;
			sourceTree = "<group>";
		};
/* End PBXVariantGroup section */

/* Begin XCBuildConfiguration section */
		47784F141CAE46720092AB69 /* Debug */ = {
			isa = XCBuildConfiguration;
			buildSettings = {
				ALWAYS_SEARCH_USER_PATHS = NO;
				CLANG_ANALYZER_NONNULL = YES;
				CLANG_CXX_LANGUAGE_STANDARD = "gnu++0x";
				CLANG_CXX_LIBRARY = "libc++";
				CLANG_ENABLE_MODULES = YES;
				CLANG_ENABLE_OBJC_ARC = YES;
				CLANG_WARN_BOOL_CONVERSION = YES;
				CLANG_WARN_CONSTANT_CONVERSION = YES;
				CLANG_WARN_DIRECT_OBJC_ISA_USAGE = YES_ERROR;
				CLANG_WARN_EMPTY_BODY = YES;
				CLANG_WARN_ENUM_CONVERSION = YES;
				CLANG_WARN_INT_CONVERSION = YES;
				CLANG_WARN_OBJC_ROOT_CLASS = YES_ERROR;
				CLANG_WARN_UNREACHABLE_CODE = YES;
				CLANG_WARN__DUPLICATE_METHOD_MATCH = YES;
				"CODE_SIGN_IDENTITY[sdk=iphoneos*]" = "iPhone Developer";
				COPY_PHASE_STRIP = NO;
				DEBUG_INFORMATION_FORMAT = dwarf;
				ENABLE_STRICT_OBJC_MSGSEND = YES;
				ENABLE_TESTABILITY = YES;
				GCC_C_LANGUAGE_STANDARD = gnu99;
				GCC_DYNAMIC_NO_PIC = NO;
				GCC_NO_COMMON_BLOCKS = YES;
				GCC_OPTIMIZATION_LEVEL = 0;
				GCC_PREPROCESSOR_DEFINITIONS = (
					"DEBUG=1",
					"$(inherited)",
				);
				GCC_WARN_64_TO_32_BIT_CONVERSION = YES;
				GCC_WARN_ABOUT_RETURN_TYPE = YES_ERROR;
				GCC_WARN_UNDECLARED_SELECTOR = YES;
				GCC_WARN_UNINITIALIZED_AUTOS = YES_AGGRESSIVE;
				GCC_WARN_UNUSED_FUNCTION = YES;
				GCC_WARN_UNUSED_VARIABLE = YES;
				IPHONEOS_DEPLOYMENT_TARGET = 9.3;
				MTL_ENABLE_DEBUG_INFO = YES;
				ONLY_ACTIVE_ARCH = YES;
				SDKROOT = iphoneos;
				SWIFT_OPTIMIZATION_LEVEL = "-Onone";
			};
			name = Debug;
		};
		47784F151CAE46720092AB69 /* Release */ = {
			isa = XCBuildConfiguration;
			buildSettings = {
				ALWAYS_SEARCH_USER_PATHS = NO;
				CLANG_ANALYZER_NONNULL = YES;
				CLANG_CXX_LANGUAGE_STANDARD = "gnu++0x";
				CLANG_CXX_LIBRARY = "libc++";
				CLANG_ENABLE_MODULES = YES;
				CLANG_ENABLE_OBJC_ARC = YES;
				CLANG_WARN_BOOL_CONVERSION = YES;
				CLANG_WARN_CONSTANT_CONVERSION = YES;
				CLANG_WARN_DIRECT_OBJC_ISA_USAGE = YES_ERROR;
				CLANG_WARN_EMPTY_BODY = YES;
				CLANG_WARN_ENUM_CONVERSION = YES;
				CLANG_WARN_INT_CONVERSION = YES;
				CLANG_WARN_OBJC_ROOT_CLASS = YES_ERROR;
				CLANG_WARN_UNREACHABLE_CODE = YES;
				CLANG_WARN__DUPLICATE_METHOD_MATCH = YES;
				"CODE_SIGN_IDENTITY[sdk=iphoneos*]" = "iPhone Developer";
				COPY_PHASE_STRIP = NO;
				DEBUG_INFORMATION_FORMAT = "dwarf-with-dsym";
				ENABLE_NS_ASSERTIONS = NO;
				ENABLE_STRICT_OBJC_MSGSEND = YES;
				GCC_C_LANGUAGE_STANDARD = gnu99;
				GCC_NO_COMMON_BLOCKS = YES;
				GCC_WARN_64_TO_32_BIT_CONVERSION = YES;
				GCC_WARN_ABOUT_RETURN_TYPE = YES_ERROR;
				GCC_WARN_UNDECLARED_SELECTOR = YES;
				GCC_WARN_UNINITIALIZED_AUTOS = YES_AGGRESSIVE;
				GCC_WARN_UNUSED_FUNCTION = YES;
				GCC_WARN_UNUSED_VARIABLE = YES;
				IPHONEOS_DEPLOYMENT_TARGET = 9.3;
				MTL_ENABLE_DEBUG_INFO = NO;
				SDKROOT = iphoneos;
				VALIDATE_PRODUCT = YES;
			};
			name = Release;
		};
		47784F171CAE46720092AB69 /* Debug */ = {
			isa = XCBuildConfiguration;
			buildSettings = {
				ASSETCATALOG_COMPILER_APPICON_NAME = AppIcon;
				CODE_SIGN_IDENTITY = "iPhone Developer";
				INFOPLIST_FILE = ALVodkaNotification/Info.plist;
				IPHONEOS_DEPLOYMENT_TARGET = 9.2;
				LD_RUNPATH_SEARCH_PATHS = "$(inherited) @executable_path/Frameworks";
				PRODUCT_BUNDLE_IDENTIFIER = ru.alobanov.ALVodkaNotification;
				PRODUCT_NAME = "$(TARGET_NAME)";
			};
			name = Debug;
		};
		47784F181CAE46720092AB69 /* Release */ = {
			isa = XCBuildConfiguration;
			buildSettings = {
				ASSETCATALOG_COMPILER_APPICON_NAME = AppIcon;
				CODE_SIGN_IDENTITY = "iPhone Developer";
				INFOPLIST_FILE = ALVodkaNotification/Info.plist;
				IPHONEOS_DEPLOYMENT_TARGET = 9.2;
				LD_RUNPATH_SEARCH_PATHS = "$(inherited) @executable_path/Frameworks";
				PRODUCT_BUNDLE_IDENTIFIER = ru.alobanov.ALVodkaNotification;
				PRODUCT_NAME = "$(TARGET_NAME)";
			};
			name = Release;
		};
/* End XCBuildConfiguration section */

/* Begin XCConfigurationList section */
		47784EFF1CAE46720092AB69 /* Build configuration list for PBXProject "ALVodkaNotification" */ = {
			isa = XCConfigurationList;
			buildConfigurations = (
				47784F141CAE46720092AB69 /* Debug */,
				47784F151CAE46720092AB69 /* Release */,
			);
			defaultConfigurationIsVisible = 0;
			defaultConfigurationName = Release;
		};
		47784F161CAE46720092AB69 /* Build configuration list for PBXNativeTarget "ALVodkaNotification" */ = {
			isa = XCConfigurationList;
			buildConfigurations = (
				47784F171CAE46720092AB69 /* Debug */,
				47784F181CAE46720092AB69 /* Release */,
			);
			defaultConfigurationIsVisible = 0;
			defaultConfigurationName = Release;
		};
/* End XCConfigurationList section */
	};
	rootObject = 47784EFC1CAE46720092AB69 /* Project object */;
}
