// !$*UTF8*$!
{
	archiveVersion = 1;
	classes = {
	};
	objectVersion = 46;
	objects = {

/* Begin PBXBuildFile section */
		47784F081CAE46720092AB69 /* AppDelegate.swift in Sources */ = {isa = PBXBuildFile; fileRef = 47784F071CAE46720092AB69 /* AppDelegate.swift */; };
		47784F0A1CAE46720092AB69 /* ViewController.swift in Sources */ = {isa = PBXBuildFile; fileRef = 47784F091CAE46720092AB69 /* ViewController.swift */; };
		47784F0D1CAE46720092AB69 /* Main.storyboard in Resources */ = {isa = PBXBuildFile; fileRef = 47784F0B1CAE46720092AB69 /* Main.storyboard */; };
		47784F0F1CAE46720092AB69 /* Assets.xcassets in Resources */ = {isa = PBXBuildFile; fileRef = 47784F0E1CAE46720092AB69 /* Assets.xcassets */; };
		47784F121CAE46720092AB69 /* LaunchScreen.storyboard in Resources */ = {isa = PBXBuildFile; fileRef = 47784F101CAE46720092AB69 /* LaunchScreen.storyboard */; };
		E806FE3C1D38B2D3007AFB5C /* NotifyCocktailView+Bartender.swift in Sources */ = {isa = PBXBuildFile; fileRef = E806FE391D38B2D3007AFB5C /* NotifyCocktailView+Bartender.swift */; };
		E806FE3D1D38B2D3007AFB5C /* NotifyCocktailView.swift in Sources */ = {isa = PBXBuildFile; fileRef = E806FE3A1D38B2D3007AFB5C /* NotifyCocktailView.swift */; };
		E806FE3E1D38B2D3007AFB5C /* NotifyCocktailView.xib in Resources */ = {isa = PBXBuildFile; fileRef = E806FE3B1D38B2D3007AFB5C /* NotifyCocktailView.xib */; };
		E806FE411D38B522007AFB5C /* UIColor+VodkaColor.swift in Sources */ = {isa = PBXBuildFile; fileRef = E806FE401D38B522007AFB5C /* UIColor+VodkaColor.swift */; };
		E806FE441D38B7D3007AFB5C /* AlertCocktailView.swift in Sources */ = {isa = PBXBuildFile; fileRef = E806FE431D38B7D3007AFB5C /* AlertCocktailView.swift */; };
		E806FE461D38B7E0007AFB5C /* AlertCocktailView.xib in Resources */ = {isa = PBXBuildFile; fileRef = E806FE451D38B7E0007AFB5C /* AlertCocktailView.xib */; };
		E806FE481D38BA9E007AFB5C /* AlertCocktailView+Bartender.swift in Sources */ = {isa = PBXBuildFile; fileRef = E806FE471D38BA9E007AFB5C /* AlertCocktailView+Bartender.swift */; };
		E8262D9D1D32807F00ECCD07 /* Glass.swift in Sources */ = {isa = PBXBuildFile; fileRef = E8262D9C1D32807F00ECCD07 /* Glass.swift */; };
		E88E4E761D3505E0006D2460 /* GlassQueue.swift in Sources */ = {isa = PBXBuildFile; fileRef = E88E4E751D3505E0006D2460 /* GlassQueue.swift */; };
		E8C075911D37D703001C0645 /* Alcohol.swift in Sources */ = {isa = PBXBuildFile; fileRef = E8C0758E1D37D703001C0645 /* Alcohol.swift */; };
		E8C075921D37D703001C0645 /* AlcoholConfigurable.swift in Sources */ = {isa = PBXBuildFile; fileRef = E8C0758F1D37D703001C0645 /* AlcoholConfigurable.swift */; };
/* End PBXBuildFile section */

/* Begin PBXFileReference section */
		47784F041CAE46720092AB69 /* ALVodkaNotification.app */ = {isa = PBXFileReference; explicitFileType = wrapper.application; includeInIndex = 0; path = ALVodkaNotification.app; sourceTree = BUILT_PRODUCTS_DIR; };
		47784F071CAE46720092AB69 /* AppDelegate.swift */ = {isa = PBXFileReference; lastKnownFileType = sourcecode.swift; path = AppDelegate.swift; sourceTree = "<group>"; };
		47784F091CAE46720092AB69 /* ViewController.swift */ = {isa = PBXFileReference; lastKnownFileType = sourcecode.swift; path = ViewController.swift; sourceTree = "<group>"; };
		47784F0C1CAE46720092AB69 /* Base */ = {isa = PBXFileReference; lastKnownFileType = file.storyboard; name = Base; path = Base.lproj/Main.storyboard; sourceTree = "<group>"; };
		47784F0E1CAE46720092AB69 /* Assets.xcassets */ = {isa = PBXFileReference; lastKnownFileType = folder.assetcatalog; path = Assets.xcassets; sourceTree = "<group>"; };
		47784F111CAE46720092AB69 /* Base */ = {isa = PBXFileReference; lastKnownFileType = file.storyboard; name = Base; path = Base.lproj/LaunchScreen.storyboard; sourceTree = "<group>"; };
		47784F131CAE46720092AB69 /* Info.plist */ = {isa = PBXFileReference; lastKnownFileType = text.plist.xml; path = Info.plist; sourceTree = "<group>"; };
		E806FE391D38B2D3007AFB5C /* NotifyCocktailView+Bartender.swift */ = {isa = PBXFileReference; fileEncoding = 4; lastKnownFileType = sourcecode.swift; path = "NotifyCocktailView+Bartender.swift"; sourceTree = "<group>"; };
		E806FE3A1D38B2D3007AFB5C /* NotifyCocktailView.swift */ = {isa = PBXFileReference; fileEncoding = 4; lastKnownFileType = sourcecode.swift; path = NotifyCocktailView.swift; sourceTree = "<group>"; };
		E806FE3B1D38B2D3007AFB5C /* NotifyCocktailView.xib */ = {isa = PBXFileReference; fileEncoding = 4; lastKnownFileType = file.xib; path = NotifyCocktailView.xib; sourceTree = "<group>"; };
		E806FE401D38B522007AFB5C /* UIColor+VodkaColor.swift */ = {isa = PBXFileReference; fileEncoding = 4; lastKnownFileType = sourcecode.swift; path = "UIColor+VodkaColor.swift"; sourceTree = "<group>"; };
		E806FE431D38B7D3007AFB5C /* AlertCocktailView.swift */ = {isa = PBXFileReference; fileEncoding = 4; lastKnownFileType = sourcecode.swift; path = AlertCocktailView.swift; sourceTree = "<group>"; };
		E806FE451D38B7E0007AFB5C /* AlertCocktailView.xib */ = {isa = PBXFileReference; fileEncoding = 4; lastKnownFileType = file.xib; path = AlertCocktailView.xib; sourceTree = "<group>"; };
		E806FE471D38BA9E007AFB5C /* AlertCocktailView+Bartender.swift */ = {isa = PBXFileReference; fileEncoding = 4; lastKnownFileType = sourcecode.swift; path = "AlertCocktailView+Bartender.swift"; sourceTree = "<group>"; };
		E8262D9C1D32807F00ECCD07 /* Glass.swift */ = {isa = PBXFileReference; fileEncoding = 4; lastKnownFileType = sourcecode.swift; path = Glass.swift; sourceTree = "<group>"; };
		E88E4E751D3505E0006D2460 /* GlassQueue.swift */ = {isa = PBXFileReference; fileEncoding = 4; lastKnownFileType = sourcecode.swift; path = GlassQueue.swift; sourceTree = "<group>"; };
		E8C0758E1D37D703001C0645 /* Alcohol.swift */ = {isa = PBXFileReference; fileEncoding = 4; lastKnownFileType = sourcecode.swift; path = Alcohol.swift; sourceTree = "<group>"; };
		E8C0758F1D37D703001C0645 /* AlcoholConfigurable.swift */ = {isa = PBXFileReference; fileEncoding = 4; lastKnownFileType = sourcecode.swift; path = AlcoholConfigurable.swift; sourceTree = "<group>"; };
/* End PBXFileReference section */

/* Begin PBXFrameworksBuildPhase section */
		47784F011CAE46720092AB69 /* Frameworks */ = {
			isa = PBXFrameworksBuildPhase;
			buildActionMask = 2147483647;
			files = (
			);
			runOnlyForDeploymentPostprocessing = 0;
		};
/* End PBXFrameworksBuildPhase section */

/* Begin PBXGroup section */
		47784EFB1CAE46720092AB69 = {
			isa = PBXGroup;
			children = (
				E82A6F601CB017AB004CBBB1 /* vodka */,
				47784F061CAE46720092AB69 /* ALVodkaNotification */,
				47784F051CAE46720092AB69 /* Products */,
			);
			sourceTree = "<group>";
		};
		47784F051CAE46720092AB69 /* Products */ = {
			isa = PBXGroup;
			children = (
				47784F041CAE46720092AB69 /* ALVodkaNotification.app */,
			);
			name = Products;
			sourceTree = "<group>";
		};
		47784F061CAE46720092AB69 /* ALVodkaNotification */ = {
			isa = PBXGroup;
			children = (
				47784F071CAE46720092AB69 /* AppDelegate.swift */,
				47784F091CAE46720092AB69 /* ViewController.swift */,
				47784F0B1CAE46720092AB69 /* Main.storyboard */,
				47784F0E1CAE46720092AB69 /* Assets.xcassets */,
				47784F101CAE46720092AB69 /* LaunchScreen.storyboard */,
				47784F131CAE46720092AB69 /* Info.plist */,
			);
			path = ALVodkaNotification;
			sourceTree = "<group>";
		};
		E806FE381D38B2D3007AFB5C /* notification */ = {
			isa = PBXGroup;
			children = (
				E806FE391D38B2D3007AFB5C /* NotifyCocktailView+Bartender.swift */,
				E806FE3A1D38B2D3007AFB5C /* NotifyCocktailView.swift */,
				E806FE3B1D38B2D3007AFB5C /* NotifyCocktailView.xib */,
			);
			name = notification;
			path = vodka/VodkaSeledka/Cocktail/notification;
			sourceTree = SOURCE_ROOT;
		};
		E806FE3F1D38B512007AFB5C /* etc */ = {
			isa = PBXGroup;
			children = (
				E806FE401D38B522007AFB5C /* UIColor+VodkaColor.swift */,
			);
			path = etc;
			sourceTree = "<group>";
		};
		E806FE421D38B7A6007AFB5C /* alert */ = {
			isa = PBXGroup;
			children = (
				E806FE471D38BA9E007AFB5C /* AlertCocktailView+Bartender.swift */,
				E806FE431D38B7D3007AFB5C /* AlertCocktailView.swift */,
				E806FE451D38B7E0007AFB5C /* AlertCocktailView.xib */,
			);
			name = alert;
			path = vodka/VodkaSeledka/Cocktail/alert;
			sourceTree = SOURCE_ROOT;
		};
		E8262D9B1D32806000ECCD07 /* VodkaSeledka */ = {
			isa = PBXGroup;
			children = (
				E806FE3F1D38B512007AFB5C /* etc */,
				E8C0758D1D37D703001C0645 /* alcohol */,
				E8C075881D37D6E9001C0645 /* cocktail */,
				E8262D9C1D32807F00ECCD07 /* Glass.swift */,
				E88E4E751D3505E0006D2460 /* GlassQueue.swift */,
			);
			path = VodkaSeledka;
			sourceTree = "<group>";
		};
		E82A6F601CB017AB004CBBB1 /* vodka */ = {
			isa = PBXGroup;
			children = (
				E8262D9B1D32806000ECCD07 /* VodkaSeledka */,
			);
			path = vodka;
			sourceTree = "<group>";
		};
		E8C075881D37D6E9001C0645 /* cocktail */ = {
			isa = PBXGroup;
			children = (
				E806FE421D38B7A6007AFB5C /* alert */,
				E806FE381D38B2D3007AFB5C /* notification */,
			);
			path = cocktail;
			sourceTree = "<group>";
		};
		E8C0758D1D37D703001C0645 /* alcohol */ = {
			isa = PBXGroup;
			children = (
				E8C0758E1D37D703001C0645 /* Alcohol.swift */,
				E8C0758F1D37D703001C0645 /* AlcoholConfigurable.swift */,
			);
			path = alcohol;
			sourceTree = "<group>";
		};
/* End PBXGroup section */

/* Begin PBXNativeTarget section */
		47784F031CAE46720092AB69 /* ALVodkaNotification */ = {
			isa = PBXNativeTarget;
			buildConfigurationList = 47784F161CAE46720092AB69 /* Build configuration list for PBXNativeTarget "ALVodkaNotification" */;
			buildPhases = (
				47784F001CAE46720092AB69 /* Sources */,
				47784F011CAE46720092AB69 /* Frameworks */,
				47784F021CAE46720092AB69 /* Resources */,
			);
			buildRules = (
			);
			dependencies = (
			);
			name = ALVodkaNotification;
			productName = ALVodkaNotification;
			productReference = 47784F041CAE46720092AB69 /* ALVodkaNotification.app */;
			productType = "com.apple.product-type.application";
		};
/* End PBXNativeTarget section */

/* Begin PBXProject section */
		47784EFC1CAE46720092AB69 /* Project object */ = {
			isa = PBXProject;
			attributes = {
				LastSwiftUpdateCheck = 0730;
				LastUpgradeCheck = 0730;
				ORGANIZATIONNAME = "Lobanov Aleksey";
				TargetAttributes = {
					47784F031CAE46720092AB69 = {
						CreatedOnToolsVersion = 7.3;
					};
				};
			};
			buildConfigurationList = 47784EFF1CAE46720092AB69 /* Build configuration list for PBXProject "ALVodkaNotification" */;
			compatibilityVersion = "Xcode 3.2";
			developmentRegion = English;
			hasScannedForEncodings = 0;
			knownRegions = (
				en,
				Base,
			);
			mainGroup = 47784EFB1CAE46720092AB69;
			productRefGroup = 47784F051CAE46720092AB69 /* Products */;
			projectDirPath = "";
			projectRoot = "";
			targets = (
				47784F031CAE46720092AB69 /* ALVodkaNotification */,
			);
		};
/* End PBXProject section */

/* Begin PBXResourcesBuildPhase section */
		47784F021CAE46720092AB69 /* Resources */ = {
			isa = PBXResourcesBuildPhase;
			buildActionMask = 2147483647;
			files = (
				47784F121CAE46720092AB69 /* LaunchScreen.storyboard in Resources */,
				E806FE3E1D38B2D3007AFB5C /* NotifyCocktailView.xib in Resources */,
				47784F0F1CAE46720092AB69 /* Assets.xcassets in Resources */,
				E806FE461D38B7E0007AFB5C /* AlertCocktailView.xib in Resources */,
				47784F0D1CAE46720092AB69 /* Main.storyboard in Resources */,
			);
			runOnlyForDeploymentPostprocessing = 0;
		};
/* End PBXResourcesBuildPhase section */

/* Begin PBXSourcesBuildPhase section */
		47784F001CAE46720092AB69 /* Sources */ = {
			isa = PBXSourcesBuildPhase;
			buildActionMask = 2147483647;
			files = (
				E88E4E761D3505E0006D2460 /* GlassQueue.swift in Sources */,
				E806FE3D1D38B2D3007AFB5C /* NotifyCocktailView.swift in Sources */,
				E806FE411D38B522007AFB5C /* UIColor+VodkaColor.swift in Sources */,
				E806FE481D38BA9E007AFB5C /* AlertCocktailView+Bartender.swift in Sources */,
				E806FE441D38B7D3007AFB5C /* AlertCocktailView.swift in Sources */,
				E8262D9D1D32807F00ECCD07 /* Glass.swift in Sources */,
				47784F0A1CAE46720092AB69 /* ViewController.swift in Sources */,
				47784F081CAE46720092AB69 /* AppDelegate.swift in Sources */,
				E8C075911D37D703001C0645 /* Alcohol.swift in Sources */,
				E8C075921D37D703001C0645 /* AlcoholConfigurable.swift in Sources */,
				E806FE3C1D38B2D3007AFB5C /* NotifyCocktailView+Bartender.swift in Sources */,
			);
			runOnlyForDeploymentPostprocessing = 0;
		};
/* End PBXSourcesBuildPhase section */

/* Begin PBXVariantGroup section */
		47784F0B1CAE46720092AB69 /* Main.storyboard */ = {
			isa = PBXVariantGroup;
			children = (
				47784F0C1CAE46720092AB69 /* Base */,
			);
			name = Main.storyboard;
			sourceTree = "<group>";
		};
		47784F101CAE46720092AB69 /* LaunchScreen.storyboard */ = {
			isa = PBXVariantGroup;
			children = (
				47784F111CAE46720092AB69 /* Base */,
			);
			name = LaunchScreen.storyboard;
			sourceTree = "<group>";
		};
/* End PBXVariantGroup section */

/* Begin XCBuildConfiguration section */
		47784F141CAE46720092AB69 /* Debug */ = {
			isa = XCBuildConfiguration;
			buildSettings = {
				ALWAYS_SEARCH_USER_PATHS = NO;
				CLANG_ANALYZER_NONNULL = YES;
				CLANG_CXX_LANGUAGE_STANDARD = "gnu++0x";
				CLANG_CXX_LIBRARY = "libc++";
				CLANG_ENABLE_MODULES = YES;
				CLANG_ENABLE_OBJC_ARC = YES;
				CLANG_WARN_BOOL_CONVERSION = YES;
				CLANG_WARN_CONSTANT_CONVERSION = YES;
				CLANG_WARN_DIRECT_OBJC_ISA_USAGE = YES_ERROR;
				CLANG_WARN_EMPTY_BODY = YES;
				CLANG_WARN_ENUM_CONVERSION = YES;
				CLANG_WARN_INT_CONVERSION = YES;
				CLANG_WARN_OBJC_ROOT_CLASS = YES_ERROR;
				CLANG_WARN_UNREACHABLE_CODE = YES;
				CLANG_WARN__DUPLICATE_METHOD_MATCH = YES;
				"CODE_SIGN_IDENTITY[sdk=iphoneos*]" = "iPhone Developer";
				COPY_PHASE_STRIP = NO;
				DEBUG_INFORMATION_FORMAT = dwarf;
				ENABLE_STRICT_OBJC_MSGSEND = YES;
				ENABLE_TESTABILITY = YES;
				GCC_C_LANGUAGE_STANDARD = gnu99;
				GCC_DYNAMIC_NO_PIC = NO;
				GCC_NO_COMMON_BLOCKS = YES;
				GCC_OPTIMIZATION_LEVEL = 0;
				GCC_PREPROCESSOR_DEFINITIONS = (
					"DEBUG=1",
					"$(inherited)",
				);
				GCC_WARN_64_TO_32_BIT_CONVERSION = YES;
				GCC_WARN_ABOUT_RETURN_TYPE = YES_ERROR;
				GCC_WARN_UNDECLARED_SELECTOR = YES;
				GCC_WARN_UNINITIALIZED_AUTOS = YES_AGGRESSIVE;
				GCC_WARN_UNUSED_FUNCTION = YES;
				GCC_WARN_UNUSED_VARIABLE = YES;
				IPHONEOS_DEPLOYMENT_TARGET = 9.3;
				MTL_ENABLE_DEBUG_INFO = YES;
				ONLY_ACTIVE_ARCH = YES;
				SDKROOT = iphoneos;
				SWIFT_OPTIMIZATION_LEVEL = "-Onone";
			};
			name = Debug;
		};
		47784F151CAE46720092AB69 /* Release */ = {
			isa = XCBuildConfiguration;
			buildSettings = {
				ALWAYS_SEARCH_USER_PATHS = NO;
				CLANG_ANALYZER_NONNULL = YES;
				CLANG_CXX_LANGUAGE_STANDARD = "gnu++0x";
				CLANG_CXX_LIBRARY = "libc++";
				CLANG_ENABLE_MODULES = YES;
				CLANG_ENABLE_OBJC_ARC = YES;
				CLANG_WARN_BOOL_CONVERSION = YES;
				CLANG_WARN_CONSTANT_CONVERSION = YES;
				CLANG_WARN_DIRECT_OBJC_ISA_USAGE = YES_ERROR;
				CLANG_WARN_EMPTY_BODY = YES;
				CLANG_WARN_ENUM_CONVERSION = YES;
				CLANG_WARN_INT_CONVERSION = YES;
				CLANG_WARN_OBJC_ROOT_CLASS = YES_ERROR;
				CLANG_WARN_UNREACHABLE_CODE = YES;
				CLANG_WARN__DUPLICATE_METHOD_MATCH = YES;
				"CODE_SIGN_IDENTITY[sdk=iphoneos*]" = "iPhone Developer";
				COPY_PHASE_STRIP = NO;
				DEBUG_INFORMATION_FORMAT = "dwarf-with-dsym";
				ENABLE_NS_ASSERTIONS = NO;
				ENABLE_STRICT_OBJC_MSGSEND = YES;
				GCC_C_LANGUAGE_STANDARD = gnu99;
				GCC_NO_COMMON_BLOCKS = YES;
				GCC_WARN_64_TO_32_BIT_CONVERSION = YES;
				GCC_WARN_ABOUT_RETURN_TYPE = YES_ERROR;
				GCC_WARN_UNDECLARED_SELECTOR = YES;
				GCC_WARN_UNINITIALIZED_AUTOS = YES_AGGRESSIVE;
				GCC_WARN_UNUSED_FUNCTION = YES;
				GCC_WARN_UNUSED_VARIABLE = YES;
				IPHONEOS_DEPLOYMENT_TARGET = 9.3;
				MTL_ENABLE_DEBUG_INFO = NO;
				SDKROOT = iphoneos;
				VALIDATE_PRODUCT = YES;
			};
			name = Release;
		};
		47784F171CAE46720092AB69 /* Debug */ = {
			isa = XCBuildConfiguration;
			buildSettings = {
				ASSETCATALOG_COMPILER_APPICON_NAME = AppIcon;
				CODE_SIGN_IDENTITY = "iPhone Developer";
				INFOPLIST_FILE = ALVodkaNotification/Info.plist;
				IPHONEOS_DEPLOYMENT_TARGET = 9.2;
				LD_RUNPATH_SEARCH_PATHS = "$(inherited) @executable_path/Frameworks";
				PRODUCT_BUNDLE_IDENTIFIER = ru.alobanov.ALVodkaNotification;
				PRODUCT_NAME = "$(TARGET_NAME)";
			};
			name = Debug;
		};
		47784F181CAE46720092AB69 /* Release */ = {
			isa = XCBuildConfiguration;
			buildSettings = {
				ASSETCATALOG_COMPILER_APPICON_NAME = AppIcon;
				CODE_SIGN_IDENTITY = "iPhone Developer";
				INFOPLIST_FILE = ALVodkaNotification/Info.plist;
				IPHONEOS_DEPLOYMENT_TARGET = 9.2;
				LD_RUNPATH_SEARCH_PATHS = "$(inherited) @executable_path/Frameworks";
				PRODUCT_BUNDLE_IDENTIFIER = ru.alobanov.ALVodkaNotification;
				PRODUCT_NAME = "$(TARGET_NAME)";
			};
			name = Release;
		};
/* End XCBuildConfiguration section */

/* Begin XCConfigurationList section */
		47784EFF1CAE46720092AB69 /* Build configuration list for PBXProject "ALVodkaNotification" */ = {
			isa = XCConfigurationList;
			buildConfigurations = (
				47784F141CAE46720092AB69 /* Debug */,
				47784F151CAE46720092AB69 /* Release */,
			);
			defaultConfigurationIsVisible = 0;
			defaultConfigurationName = Release;
		};
		47784F161CAE46720092AB69 /* Build configuration list for PBXNativeTarget "ALVodkaNotification" */ = {
			isa = XCConfigurationList;
			buildConfigurations = (
				47784F171CAE46720092AB69 /* Debug */,
				47784F181CAE46720092AB69 /* Release */,
			);
			defaultConfigurationIsVisible = 0;
			defaultConfigurationName = Release;
		};
/* End XCConfigurationList section */
	};
	rootObject = 47784EFC1CAE46720092AB69 /* Project object */;
}
